
Microsoft Visual Studio Solution File, Format Version 12.00
# Visual Studio Version 17
VisualStudioVersion = 17.14.36212.18 d17.14
MinimumVisualStudioVersion = 10.0.40219.1
Project("{FAE04EC0-301F-11D3-BF4B-00C04F79EFBC}") = "RD.DevOpsKit", "RD.DevOpsKit.csproj", "{791438EC-FDE6-49E9-B7D3-1702247CC582}"
EndProject
Global
	GlobalSection(SolutionConfigurationPlatforms) = preSolution
		Debug|Any CPU = Debug|Any CPU
		Release|Any CPU = Release|Any CPU
	EndGlobalSection
	GlobalSection(ProjectConfigurationPlatforms) = postSolution
		{791438EC-FDE6-49E9-B7D3-1702247CC582}.Debug|Any CPU.ActiveCfg = Debug|Any CPU
		{791438EC-FDE6-49E9-B7D3-1702247CC582}.Debug|Any CPU.Build.0 = Debug|Any CPU
		{791438EC-FDE6-49E9-B7D3-1702247CC582}.Release|Any CPU.ActiveCfg = Release|Any CPU
		{791438EC-FDE6-49E9-B7D3-1702247CC582}.Release|Any CPU.Build.0 = Release|Any CPU
	EndGlobalSection
	GlobalSection(SolutionProperties) = preSolution
		HideSolutionNode = FALSE
	EndGlobalSection
	GlobalSection(ExtensibilityGlobals) = postSolution
		SolutionGuid = {A5840D35-1997-444E-872A-EE82908D8401}
	EndGlobalSection
EndGlobal
